
Microsoft Visual Studio Solution File, Format Version 12.00
# Visual Studio Version 17
VisualStudioVersion = 17.13.35919.96 d17.13
MinimumVisualStudioVersion = 10.0.40219.1
Project("{FAE04EC0-301F-11D3-BF4B-00C04F79EFBC}") = "TextRpg1", "TextRpg1\TextRpg1.csproj", "{602D4336-F8CE-48FC-A6C7-644DF417AFCB}"
EndProject
Global
	GlobalSection(SolutionConfigurationPlatforms) = preSolution
		Debug|Any CPU = Debug|Any CPU
		Release|Any CPU = Release|Any CPU
	EndGlobalSection
	GlobalSection(ProjectConfigurationPlatforms) = postSolution
		{602D4336-F8CE-48FC-A6C7-644DF417AFCB}.Debug|Any CPU.ActiveCfg = Debug|Any CPU
		{602D4336-F8CE-48FC-A6C7-644DF417AFCB}.Debug|Any CPU.Build.0 = Debug|Any CPU
		{602D4336-F8CE-48FC-A6C7-644DF417AFCB}.Release|Any CPU.ActiveCfg = Release|Any CPU
		{602D4336-F8CE-48FC-A6C7-644DF417AFCB}.Release|Any CPU.Build.0 = Release|Any CPU
	EndGlobalSection
	GlobalSection(SolutionProperties) = preSolution
		HideSolutionNode = FALSE
	EndGlobalSection
	GlobalSection(ExtensibilityGlobals) = postSolution
		SolutionGuid = {1960B39B-C689-44CC-B744-26B15277237B}
	EndGlobalSection
EndGlobal
